<?xml version="1.0" encoding="utf-8"?>
<Project ToolsVersion="4.0" xmlns="http://schemas.microsoft.com/developer/msbuild/2003">
  <ItemGroup>
    <Filter Include="Source Files">
      <UniqueIdentifier>{4FC737F1-C7A5-4376-A066-2A32D752A2FF}</UniqueIdentifier>
      <Extensions>cpp;c;cc;cxx;def;odl;idl;hpj;bat;asm;asmx</Extensions>
    </Filter>
    <Filter Include="Resource Files">
      <UniqueIdentifier>{67DA6AB6-F800-4c08-8B7A-83BB121AAD01}</UniqueIdentifier>
      <Extensions>rc;ico;cur;bmp;dlg;rc2;rct;bin;rgs;gif;jpg;jpeg;jpe;resx;tiff;tif;png;wav;mfcribbon-ms</Extensions>
    </Filter>
    <Filter Include="Core">
      <UniqueIdentifier>{6c4014ad-7e43-42af-accd-542d756925e2}</UniqueIdentifier>
    </Filter>
    <Filter Include="Shaders">
      <UniqueIdentifier>{0b1b386b-31af-40d3-94d9-893a4896466a}</UniqueIdentifier>
    </Filter>
    <Filter Include="Core\Headers">
      <UniqueIdentifier>{44e91099-4f19-45da-9e8a-6758acbd6d53}</UniqueIdentifier>
    </Filter>
    <Filter Include="Core\Source">
      <UniqueIdentifier>{5301fa55-3bf1-4851-a3c4-ff20eeade55c}</UniqueIdentifier>
    </Filter>
  </ItemGroup>
  <ItemGroup>
    <ClCompile Include="main.cpp">
      <Filter>Source Files</Filter>
    </ClCompile>
    <ClCompile Include="Mesh.cpp">
      <Filter>Core\Source</Filter>
    </ClCompile>
    <ClCompile Include="Vertex.cpp">
      <Filter>Core\Source</Filter>
    </ClCompile>
    <ClCompile Include="Shader.cpp">
      <Filter>Core\Source</Filter>
    </ClCompile>
    <ClCompile Include="Transform.cpp">
      <Filter>Core\Source</Filter>
    </ClCompile>
    <ClCompile Include="Camera.cpp">
      <Filter>Core\Source</Filter>
    </ClCompile>
    <ClCompile Include="Texture.cpp">
      <Filter>Core\Source</Filter>
    </ClCompile>
    <ClCompile Include="VerticesGroup.cpp">
      <Filter>Core\Source</Filter>
    </ClCompile>
    <ClCompile Include="Keyboard.cpp">
      <Filter>Core\Source</Filter>
    </ClCompile>
    <ClCompile Include="Mouse.cpp">
      <Filter>Core\Source</Filter>
    </ClCompile>
    <ClCompile Include="Model.cpp">
      <Filter>Core\Source</Filter>
    </ClCompile>
    <ClCompile Include="Planet.cpp">
      <Filter>Core\Source</Filter>
    </ClCompile>
    <ClCompile Include="MovementParameters.cpp">
      <Filter>Core\Source</Filter>
    </ClCompile>
    <ClCompile Include="GUI.cpp">
      <Filter>Source Files</Filter>
    </ClCompile>
  </ItemGroup>
  <ItemGroup>
    <ClInclude Include="Mesh.h">
      <Filter>Core\Headers</Filter>
    </ClInclude>
    <ClInclude Include="Shader.h">
      <Filter>Core\Headers</Filter>
    </ClInclude>
    <ClInclude Include="Vertex.h">
      <Filter>Core\Headers</Filter>
    </ClInclude>
    <ClInclude Include="Transform.h">
      <Filter>Core\Headers</Filter>
    </ClInclude>
    <ClInclude Include="Camera.h">
      <Filter>Core\Headers</Filter>
    </ClInclude>
    <ClInclude Include="Texture.h">
      <Filter>Core\Headers</Filter>
    </ClInclude>
    <ClInclude Include="VerticesGroup.h">
      <Filter>Core\Headers</Filter>
    </ClInclude>
    <ClInclude Include="Keyboard.h">
      <Filter>Core\Headers</Filter>
    </ClInclude>
    <ClInclude Include="Mouse.h">
      <Filter>Core\Headers</Filter>
    </ClInclude>
    <ClInclude Include="Model.h">
      <Filter>Core\Headers</Filter>
    </ClInclude>
    <ClInclude Include="Planet.h">
      <Filter>Core\Headers</Filter>
    </ClInclude>
    <ClInclude Include="MovementParameters.h">
      <Filter>Core\Headers</Filter>
    </ClInclude>
    <ClInclude Include="Samochod.h" />
    <ClInclude Include="GUI.h" />
  </ItemGroup>
  <ItemGroup>
    <None Include="Vertex_Shader.glsl">
      <Filter>Shaders</Filter>
    </None>
    <None Include="packages.config" />
  </ItemGroup>
</Project>